
Microsoft Visual Studio Solution File, Format Version 12.00
# Visual Studio Version 16
VisualStudioVersion = 16.0.29728.190
MinimumVisualStudioVersion = 10.0.40219.1
Project("{8BC9CEB8-8B4A-11D0-8D11-00A0C91BC942}") = "MatrixClass", "MatrixClass\MatrixClass.vcxproj", "{ADE72EFC-0BA4-4A44-859D-D9601AE3BBEB}"
EndProject
Global
	GlobalSection(SolutionConfigurationPlatforms) = preSolution
		Debug|x64 = Debug|x64
		Debug|x86 = Debug|x86
		Release|x64 = Release|x64
		Release|x86 = Release|x86
	EndGlobalSection
	GlobalSection(ProjectConfigurationPlatforms) = postSolution
		{ADE72EFC-0BA4-4A44-859D-D9601AE3BBEB}.Debug|x64.ActiveCfg = Debug|x64
		{ADE72EFC-0BA4-4A44-859D-D9601AE3BBEB}.Debug|x64.Build.0 = Debug|x64
		{ADE72EFC-0BA4-4A44-859D-D9601AE3BBEB}.Debug|x86.ActiveCfg = Debug|Win32
		{ADE72EFC-0BA4-4A44-859D-D9601AE3BBEB}.Debug|x86.Build.0 = Debug|Win32
		{ADE72EFC-0BA4-4A44-859D-D9601AE3BBEB}.Release|x64.ActiveCfg = Release|x64
		{ADE72EFC-0BA4-4A44-859D-D9601AE3BBEB}.Release|x64.Build.0 = Release|x64
		{ADE72EFC-0BA4-4A44-859D-D9601AE3BBEB}.Release|x86.ActiveCfg = Release|Win32
		{ADE72EFC-0BA4-4A44-859D-D9601AE3BBEB}.Release|x86.Build.0 = Release|Win32
	EndGlobalSection
	GlobalSection(SolutionProperties) = preSolution
		HideSolutionNode = FALSE
	EndGlobalSection
	GlobalSection(ExtensibilityGlobals) = postSolution
		SolutionGuid = {92459EF3-50CB-429A-9161-08556B0E6936}
	EndGlobalSection
EndGlobal
